// !$*UTF8*$!
{
	archiveVersion = 1;
	classes = {
	};
	objectVersion = 46;
	objects = {

/* Begin PBXBuildFile section */
		1416D37F1EF1219F00C364E6 /* cardHistory.swift in Sources */ = {isa = PBXBuildFile; fileRef = 1416D37E1EF1219F00C364E6 /* cardHistory.swift */; };
		1416D3811EF125D700C364E6 /* visaCardController.swift in Sources */ = {isa = PBXBuildFile; fileRef = 1416D3801EF125D700C364E6 /* visaCardController.swift */; };
		1416D3831EF12DCE00C364E6 /* VisaCellView.swift in Sources */ = {isa = PBXBuildFile; fileRef = 1416D3821EF12DCE00C364E6 /* VisaCellView.swift */; };
		1416D3871EF137E300C364E6 /* deleteVisaCard.swift in Sources */ = {isa = PBXBuildFile; fileRef = 1416D3861EF137E300C364E6 /* deleteVisaCard.swift */; };
		1416D3891EF13F0800C364E6 /* makeDefaultCard.swift in Sources */ = {isa = PBXBuildFile; fileRef = 1416D3881EF13F0800C364E6 /* makeDefaultCard.swift */; };
		1416D38C1EF3C88300C364E6 /* bookingPage.swift in Sources */ = {isa = PBXBuildFile; fileRef = 1416D38B1EF3C88300C364E6 /* bookingPage.swift */; };
		1416D3901EF3E7C200C364E6 /* CoustomViewForMap.xib in Resources */ = {isa = PBXBuildFile; fileRef = 1416D38F1EF3E7C200C364E6 /* CoustomViewForMap.xib */; };
		1416D3921EF3E98000C364E6 /* infoPinView.swift in Sources */ = {isa = PBXBuildFile; fileRef = 1416D3911EF3E98000C364E6 /* infoPinView.swift */; };
		1416D3941EF5399600C364E6 /* DownloadImg.swift in Sources */ = {isa = PBXBuildFile; fileRef = 1416D3931EF5399600C364E6 /* DownloadImg.swift */; };
		1416D3961EF54C4300C364E6 /* booking.swift in Sources */ = {isa = PBXBuildFile; fileRef = 1416D3951EF54C4300C364E6 /* booking.swift */; };
		1416D39A1EF54EA700C364E6 /* FareEstimate.swift in Sources */ = {isa = PBXBuildFile; fileRef = 1416D3991EF54EA700C364E6 /* FareEstimate.swift */; };
		1416D39C1EF54EBE00C364E6 /* BookingController.swift in Sources */ = {isa = PBXBuildFile; fileRef = 1416D39B1EF54EBE00C364E6 /* BookingController.swift */; };
		14265D1A1EE9EEEA002A2278 /* HistoryView.swift in Sources */ = {isa = PBXBuildFile; fileRef = 14265D191EE9EEEA002A2278 /* HistoryView.swift */; };
		14265D1C1EE9F128002A2278 /* HistoryCell.swift in Sources */ = {isa = PBXBuildFile; fileRef = 14265D1B1EE9F128002A2278 /* HistoryCell.swift */; };
		1466D0C11EEEB6B500640006 /* Accelerate.framework in Frameworks */ = {isa = PBXBuildFile; fileRef = 1466D0C01EEEB6B500640006 /* Accelerate.framework */; };
		1466D0C31EEEB6C100640006 /* AudioToolbox.framework in Frameworks */ = {isa = PBXBuildFile; fileRef = 1466D0C21EEEB6C100640006 /* AudioToolbox.framework */; };
		1466D0C51EEEB6C700640006 /* AVFoundation.framework in Frameworks */ = {isa = PBXBuildFile; fileRef = 1466D0C41EEEB6C700640006 /* AVFoundation.framework */; };
		1466D0C71EEEB6CF00640006 /* CoreGraphics.framework in Frameworks */ = {isa = PBXBuildFile; fileRef = 1466D0C61EEEB6CF00640006 /* CoreGraphics.framework */; };
		1466D0C91EEEB6D700640006 /* CoreMedia.framework in Frameworks */ = {isa = PBXBuildFile; fileRef = 1466D0C81EEEB6D700640006 /* CoreMedia.framework */; };
		1466D0CB1EEEB6E000640006 /* CoreVideo.framework in Frameworks */ = {isa = PBXBuildFile; fileRef = 1466D0CA1EEEB6E000640006 /* CoreVideo.framework */; };
		1466D0CD1EEEB6E700640006 /* Foundation.framework in Frameworks */ = {isa = PBXBuildFile; fileRef = 1466D0CC1EEEB6E700640006 /* Foundation.framework */; };
		1466D0CF1EEEB6F000640006 /* OpenGLES.framework in Frameworks */ = {isa = PBXBuildFile; fileRef = 1466D0CE1EEEB6F000640006 /* OpenGLES.framework */; };
		1466D0D11EEEB6F700640006 /* QuartzCore.framework in Frameworks */ = {isa = PBXBuildFile; fileRef = 1466D0D01EEEB6F700640006 /* QuartzCore.framework */; };
		1466D0D31EEEB6FC00640006 /* Security.framework in Frameworks */ = {isa = PBXBuildFile; fileRef = 1466D0D21EEEB6FC00640006 /* Security.framework */; };
		1466D0D51EEEB70100640006 /* UIKit.framework in Frameworks */ = {isa = PBXBuildFile; fileRef = 1466D0D41EEEB70100640006 /* UIKit.framework */; };
		149F6DB71EE7E5B30065592F /* Settings.swift in Sources */ = {isa = PBXBuildFile; fileRef = 149F6DB61EE7E5B30065592F /* Settings.swift */; };
		149F6DB91EE7F8EC0065592F /* userDetail.swift in Sources */ = {isa = PBXBuildFile; fileRef = 149F6DB81EE7F8EC0065592F /* userDetail.swift */; };
		149F6DBB1EE7F99F0065592F /* fetchUserDetail.swift in Sources */ = {isa = PBXBuildFile; fileRef = 149F6DBA1EE7F99F0065592F /* fetchUserDetail.swift */; };
		149FA34D1EE28B87007EE100 /* signInController.swift in Sources */ = {isa = PBXBuildFile; fileRef = 149FA34C1EE28B87007EE100 /* signInController.swift */; };
		149FA34F1EE28C36007EE100 /* sideBarView.swift in Sources */ = {isa = PBXBuildFile; fileRef = 149FA34E1EE28C36007EE100 /* sideBarView.swift */; };
		14EC12A81ED978DA00C84263 /* AppDelegate.swift in Sources */ = {isa = PBXBuildFile; fileRef = 14EC12A71ED978DA00C84263 /* AppDelegate.swift */; };
		14EC12AA1ED978DA00C84263 /* ViewController.swift in Sources */ = {isa = PBXBuildFile; fileRef = 14EC12A91ED978DA00C84263 /* ViewController.swift */; };
		14EC12AD1ED978DA00C84263 /* Main.storyboard in Resources */ = {isa = PBXBuildFile; fileRef = 14EC12AB1ED978DA00C84263 /* Main.storyboard */; };
		14EC12AF1ED978DA00C84263 /* Assets.xcassets in Resources */ = {isa = PBXBuildFile; fileRef = 14EC12AE1ED978DA00C84263 /* Assets.xcassets */; };
		14EC12B21ED978DA00C84263 /* LaunchScreen.storyboard in Resources */ = {isa = PBXBuildFile; fileRef = 14EC12B01ED978DA00C84263 /* LaunchScreen.storyboard */; };
		14EE4BE21EE3C8FA00F50130 /* userData.swift in Sources */ = {isa = PBXBuildFile; fileRef = 14EE4BE11EE3C8FA00F50130 /* userData.swift */; };
		14EE4BE41EE3C99900F50130 /* defaultsettings.swift in Sources */ = {isa = PBXBuildFile; fileRef = 14EE4BE31EE3C99900F50130 /* defaultsettings.swift */; };
		14EE4BE71EE3CF8600F50130 /* Alert.swift in Sources */ = {isa = PBXBuildFile; fileRef = 14EE4BE61EE3CF8600F50130 /* Alert.swift */; };
		14EE4BE91EE3D5DB00F50130 /* signUp.swift in Sources */ = {isa = PBXBuildFile; fileRef = 14EE4BE81EE3D5DB00F50130 /* signUp.swift */; };
		14EE4BEB1EE3D66F00F50130 /* signUpController.swift in Sources */ = {isa = PBXBuildFile; fileRef = 14EE4BEA1EE3D66F00F50130 /* signUpController.swift */; };
		14F5289B1EEFB79700ACD42E /* cardController.swift in Sources */ = {isa = PBXBuildFile; fileRef = 14F5289A1EEFB79700ACD42E /* cardController.swift */; };
		14F5289D1EEFD39B00ACD42E /* manageCard.swift in Sources */ = {isa = PBXBuildFile; fileRef = 14F5289C1EEFD39B00ACD42E /* manageCard.swift */; };
		14F5D5D41EEC0BBC005EDB70 /* driverRating.swift in Sources */ = {isa = PBXBuildFile; fileRef = 14F5D5D31EEC0BBC005EDB70 /* driverRating.swift */; };
		14F5D5D61EEC14E3005EDB70 /* estimateFair.swift in Sources */ = {isa = PBXBuildFile; fileRef = 14F5D5D51EEC14E3005EDB70 /* estimateFair.swift */; };
		14F69A131EE6AFBC009DDCCA /* CountryCode.swift in Sources */ = {isa = PBXBuildFile; fileRef = 14F69A121EE6AFBC009DDCCA /* CountryCode.swift */; };
		14F894961EEA7332008A6EDC /* historyLocation.swift in Sources */ = {isa = PBXBuildFile; fileRef = 14F894951EEA7332008A6EDC /* historyLocation.swift */; };
		14F894981EEA7733008A6EDC /* historyclass.swift in Sources */ = {isa = PBXBuildFile; fileRef = 14F894971EEA7733008A6EDC /* historyclass.swift */; };
		14F8CCE61EEAF1D30088FB4B /* VerifyePhoneNumber.swift in Sources */ = {isa = PBXBuildFile; fileRef = 14F8CCE51EEAF1D30088FB4B /* VerifyePhoneNumber.swift */; };
		14F8CCE81EEAF23B0088FB4B /* VerificationController.swift in Sources */ = {isa = PBXBuildFile; fileRef = 14F8CCE71EEAF23B0088FB4B /* VerificationController.swift */; };
		14F9FB3B1EEE7E4500D6B38D /* paypal.swift in Sources */ = {isa = PBXBuildFile; fileRef = 14F9FB3A1EEE7E4500D6B38D /* paypal.swift */; };
		14FA3B1C1EE3F67200F97AD9 /* NearestDriver.swift in Sources */ = {isa = PBXBuildFile; fileRef = 14FA3B1B1EE3F67200F97AD9 /* NearestDriver.swift */; };
		14FA3B1E1EE3F93A00F97AD9 /* nearestDriverController.swift in Sources */ = {isa = PBXBuildFile; fileRef = 14FA3B1D1EE3F93A00F97AD9 /* nearestDriverController.swift */; };
		14FA3B201EE472F500F97AD9 /* plungs.swift in Sources */ = {isa = PBXBuildFile; fileRef = 14FA3B1F1EE472F500F97AD9 /* plungs.swift */; };
		14FA3B221EE54A3B00F97AD9 /* sideBar.swift in Sources */ = {isa = PBXBuildFile; fileRef = 14FA3B211EE54A3B00F97AD9 /* sideBar.swift */; };
		14FA3B241EE553C100F97AD9 /* sideMenuCell.swift in Sources */ = {isa = PBXBuildFile; fileRef = 14FA3B231EE553C100F97AD9 /* sideMenuCell.swift */; };
		14FBA1021EF7D9FC0080C499 /* Startup.swift in Sources */ = {isa = PBXBuildFile; fileRef = 14FBA1011EF7D9FC0080C499 /* Startup.swift */; };
		14FBA1041EF7E7C70080C499 /* SocketDriver.swift in Sources */ = {isa = PBXBuildFile; fileRef = 14FBA1031EF7E7C70080C499 /* SocketDriver.swift */; };
		14FC0F9C1EE00E8100994CB9 /* Signin.swift in Sources */ = {isa = PBXBuildFile; fileRef = 14FC0F9B1EE00E8100994CB9 /* Signin.swift */; };
		E154CB50F043BB320D5C6292 /* Pods_Cabigate.framework in Frameworks */ = {isa = PBXBuildFile; fileRef = BE507C1CDF5A5278CC4501C1 /* Pods_Cabigate.framework */; };
/* End PBXBuildFile section */

/* Begin PBXFileReference section */
		1416D37E1EF1219F00C364E6 /* cardHistory.swift */ = {isa = PBXFileReference; fileEncoding = 4; lastKnownFileType = sourcecode.swift; path = cardHistory.swift; sourceTree = "<group>"; };
		1416D3801EF125D700C364E6 /* visaCardController.swift */ = {isa = PBXFileReference; fileEncoding = 4; lastKnownFileType = sourcecode.swift; path = visaCardController.swift; sourceTree = "<group>"; };
		1416D3821EF12DCE00C364E6 /* VisaCellView.swift */ = {isa = PBXFileReference; fileEncoding = 4; lastKnownFileType = sourcecode.swift; path = VisaCellView.swift; sourceTree = "<group>"; };
		1416D3861EF137E300C364E6 /* deleteVisaCard.swift */ = {isa = PBXFileReference; fileEncoding = 4; lastKnownFileType = sourcecode.swift; path = deleteVisaCard.swift; sourceTree = "<group>"; };
		1416D3881EF13F0800C364E6 /* makeDefaultCard.swift */ = {isa = PBXFileReference; fileEncoding = 4; lastKnownFileType = sourcecode.swift; path = makeDefaultCard.swift; sourceTree = "<group>"; };
		1416D38B1EF3C88300C364E6 /* bookingPage.swift */ = {isa = PBXFileReference; fileEncoding = 4; lastKnownFileType = sourcecode.swift; path = bookingPage.swift; sourceTree = "<group>"; };
		1416D38F1EF3E7C200C364E6 /* CoustomViewForMap.xib */ = {isa = PBXFileReference; fileEncoding = 4; lastKnownFileType = file.xib; path = CoustomViewForMap.xib; sourceTree = "<group>"; };
		1416D3911EF3E98000C364E6 /* infoPinView.swift */ = {isa = PBXFileReference; fileEncoding = 4; lastKnownFileType = sourcecode.swift; path = infoPinView.swift; sourceTree = "<group>"; };
		1416D3931EF5399600C364E6 /* DownloadImg.swift */ = {isa = PBXFileReference; fileEncoding = 4; lastKnownFileType = sourcecode.swift; path = DownloadImg.swift; sourceTree = "<group>"; };
		1416D3951EF54C4300C364E6 /* booking.swift */ = {isa = PBXFileReference; fileEncoding = 4; lastKnownFileType = sourcecode.swift; path = booking.swift; sourceTree = "<group>"; };
		1416D3991EF54EA700C364E6 /* FareEstimate.swift */ = {isa = PBXFileReference; fileEncoding = 4; lastKnownFileType = sourcecode.swift; path = FareEstimate.swift; sourceTree = "<group>"; };
		1416D39B1EF54EBE00C364E6 /* BookingController.swift */ = {isa = PBXFileReference; fileEncoding = 4; lastKnownFileType = sourcecode.swift; path = BookingController.swift; sourceTree = "<group>"; };
		14265D191EE9EEEA002A2278 /* HistoryView.swift */ = {isa = PBXFileReference; fileEncoding = 4; lastKnownFileType = sourcecode.swift; path = HistoryView.swift; sourceTree = "<group>"; };
		14265D1B1EE9F128002A2278 /* HistoryCell.swift */ = {isa = PBXFileReference; fileEncoding = 4; lastKnownFileType = sourcecode.swift; path = HistoryCell.swift; sourceTree = "<group>"; };
		1466D0BD1EEEB39000640006 /* Cabigate-Bridging-Header.h */ = {isa = PBXFileReference; lastKnownFileType = sourcecode.c.h; path = "Cabigate-Bridging-Header.h"; sourceTree = "<group>"; };
		1466D0C01EEEB6B500640006 /* Accelerate.framework */ = {isa = PBXFileReference; lastKnownFileType = wrapper.framework; name = Accelerate.framework; path = System/Library/Frameworks/Accelerate.framework; sourceTree = SDKROOT; };
		1466D0C21EEEB6C100640006 /* AudioToolbox.framework */ = {isa = PBXFileReference; lastKnownFileType = wrapper.framework; name = AudioToolbox.framework; path = System/Library/Frameworks/AudioToolbox.framework; sourceTree = SDKROOT; };
		1466D0C41EEEB6C700640006 /* AVFoundation.framework */ = {isa = PBXFileReference; lastKnownFileType = wrapper.framework; name = AVFoundation.framework; path = System/Library/Frameworks/AVFoundation.framework; sourceTree = SDKROOT; };
		1466D0C61EEEB6CF00640006 /* CoreGraphics.framework */ = {isa = PBXFileReference; lastKnownFileType = wrapper.framework; name = CoreGraphics.framework; path = System/Library/Frameworks/CoreGraphics.framework; sourceTree = SDKROOT; };
		1466D0C81EEEB6D700640006 /* CoreMedia.framework */ = {isa = PBXFileReference; lastKnownFileType = wrapper.framework; name = CoreMedia.framework; path = System/Library/Frameworks/CoreMedia.framework; sourceTree = SDKROOT; };
		1466D0CA1EEEB6E000640006 /* CoreVideo.framework */ = {isa = PBXFileReference; lastKnownFileType = wrapper.framework; name = CoreVideo.framework; path = System/Library/Frameworks/CoreVideo.framework; sourceTree = SDKROOT; };
		1466D0CC1EEEB6E700640006 /* Foundation.framework */ = {isa = PBXFileReference; lastKnownFileType = wrapper.framework; name = Foundation.framework; path = System/Library/Frameworks/Foundation.framework; sourceTree = SDKROOT; };
		1466D0CE1EEEB6F000640006 /* OpenGLES.framework */ = {isa = PBXFileReference; lastKnownFileType = wrapper.framework; name = OpenGLES.framework; path = System/Library/Frameworks/OpenGLES.framework; sourceTree = SDKROOT; };
		1466D0D01EEEB6F700640006 /* QuartzCore.framework */ = {isa = PBXFileReference; lastKnownFileType = wrapper.framework; name = QuartzCore.framework; path = System/Library/Frameworks/QuartzCore.framework; sourceTree = SDKROOT; };
		1466D0D21EEEB6FC00640006 /* Security.framework */ = {isa = PBXFileReference; lastKnownFileType = wrapper.framework; name = Security.framework; path = System/Library/Frameworks/Security.framework; sourceTree = SDKROOT; };
		1466D0D41EEEB70100640006 /* UIKit.framework */ = {isa = PBXFileReference; lastKnownFileType = wrapper.framework; name = UIKit.framework; path = System/Library/Frameworks/UIKit.framework; sourceTree = SDKROOT; };
		149F6DB61EE7E5B30065592F /* Settings.swift */ = {isa = PBXFileReference; fileEncoding = 4; lastKnownFileType = sourcecode.swift; path = Settings.swift; sourceTree = "<group>"; };
		149F6DB81EE7F8EC0065592F /* userDetail.swift */ = {isa = PBXFileReference; fileEncoding = 4; lastKnownFileType = sourcecode.swift; path = userDetail.swift; sourceTree = "<group>"; };
		149F6DBA1EE7F99F0065592F /* fetchUserDetail.swift */ = {isa = PBXFileReference; fileEncoding = 4; lastKnownFileType = sourcecode.swift; path = fetchUserDetail.swift; sourceTree = "<group>"; };
		149FA34C1EE28B87007EE100 /* signInController.swift */ = {isa = PBXFileReference; fileEncoding = 4; lastKnownFileType = sourcecode.swift; path = signInController.swift; sourceTree = "<group>"; };
		149FA34E1EE28C36007EE100 /* sideBarView.swift */ = {isa = PBXFileReference; fileEncoding = 4; lastKnownFileType = sourcecode.swift; path = sideBarView.swift; sourceTree = "<group>"; };
		14EC12A41ED978DA00C84263 /* Cabigate.app */ = {isa = PBXFileReference; explicitFileType = wrapper.application; includeInIndex = 0; path = Cabigate.app; sourceTree = BUILT_PRODUCTS_DIR; };
		14EC12A71ED978DA00C84263 /* AppDelegate.swift */ = {isa = PBXFileReference; lastKnownFileType = sourcecode.swift; path = AppDelegate.swift; sourceTree = "<group>"; };
		14EC12A91ED978DA00C84263 /* ViewController.swift */ = {isa = PBXFileReference; lastKnownFileType = sourcecode.swift; path = ViewController.swift; sourceTree = "<group>"; };
		14EC12AC1ED978DA00C84263 /* Base */ = {isa = PBXFileReference; lastKnownFileType = file.storyboard; name = Base; path = Base.lproj/Main.storyboard; sourceTree = "<group>"; };
		14EC12AE1ED978DA00C84263 /* Assets.xcassets */ = {isa = PBXFileReference; lastKnownFileType = folder.assetcatalog; path = Assets.xcassets; sourceTree = "<group>"; };
		14EC12B11ED978DA00C84263 /* Base */ = {isa = PBXFileReference; lastKnownFileType = file.storyboard; name = Base; path = Base.lproj/LaunchScreen.storyboard; sourceTree = "<group>"; };
		14EC12B31ED978DA00C84263 /* Info.plist */ = {isa = PBXFileReference; lastKnownFileType = text.plist.xml; path = Info.plist; sourceTree = "<group>"; };
		14EE4BE11EE3C8FA00F50130 /* userData.swift */ = {isa = PBXFileReference; fileEncoding = 4; lastKnownFileType = sourcecode.swift; path = userData.swift; sourceTree = "<group>"; };
		14EE4BE31EE3C99900F50130 /* defaultsettings.swift */ = {isa = PBXFileReference; fileEncoding = 4; lastKnownFileType = sourcecode.swift; path = defaultsettings.swift; sourceTree = "<group>"; };
		14EE4BE61EE3CF8600F50130 /* Alert.swift */ = {isa = PBXFileReference; fileEncoding = 4; lastKnownFileType = sourcecode.swift; path = Alert.swift; sourceTree = "<group>"; };
		14EE4BE81EE3D5DB00F50130 /* signUp.swift */ = {isa = PBXFileReference; fileEncoding = 4; lastKnownFileType = sourcecode.swift; path = signUp.swift; sourceTree = "<group>"; };
		14EE4BEA1EE3D66F00F50130 /* signUpController.swift */ = {isa = PBXFileReference; fileEncoding = 4; lastKnownFileType = sourcecode.swift; path = signUpController.swift; sourceTree = "<group>"; };
		14F5289A1EEFB79700ACD42E /* cardController.swift */ = {isa = PBXFileReference; fileEncoding = 4; lastKnownFileType = sourcecode.swift; path = cardController.swift; sourceTree = "<group>"; };
		14F5289C1EEFD39B00ACD42E /* manageCard.swift */ = {isa = PBXFileReference; fileEncoding = 4; lastKnownFileType = sourcecode.swift; path = manageCard.swift; sourceTree = "<group>"; };
		14F5D5D31EEC0BBC005EDB70 /* driverRating.swift */ = {isa = PBXFileReference; fileEncoding = 4; lastKnownFileType = sourcecode.swift; path = driverRating.swift; sourceTree = "<group>"; };
		14F5D5D51EEC14E3005EDB70 /* estimateFair.swift */ = {isa = PBXFileReference; fileEncoding = 4; lastKnownFileType = sourcecode.swift; path = estimateFair.swift; sourceTree = "<group>"; };
		14F69A121EE6AFBC009DDCCA /* CountryCode.swift */ = {isa = PBXFileReference; fileEncoding = 4; lastKnownFileType = sourcecode.swift; path = CountryCode.swift; sourceTree = "<group>"; };
		14F6D8FF1EEF1B61004C447A /* Cabigate.entitlements */ = {isa = PBXFileReference; lastKnownFileType = text.plist.entitlements; path = Cabigate.entitlements; sourceTree = "<group>"; };
		14F894951EEA7332008A6EDC /* historyLocation.swift */ = {isa = PBXFileReference; fileEncoding = 4; lastKnownFileType = sourcecode.swift; path = historyLocation.swift; sourceTree = "<group>"; };
		14F894971EEA7733008A6EDC /* historyclass.swift */ = {isa = PBXFileReference; fileEncoding = 4; lastKnownFileType = sourcecode.swift; path = historyclass.swift; sourceTree = "<group>"; };
		14F8CCE51EEAF1D30088FB4B /* VerifyePhoneNumber.swift */ = {isa = PBXFileReference; fileEncoding = 4; lastKnownFileType = sourcecode.swift; path = VerifyePhoneNumber.swift; sourceTree = "<group>"; };
		14F8CCE71EEAF23B0088FB4B /* VerificationController.swift */ = {isa = PBXFileReference; fileEncoding = 4; lastKnownFileType = sourcecode.swift; path = VerificationController.swift; sourceTree = "<group>"; };
		14F9FB3A1EEE7E4500D6B38D /* paypal.swift */ = {isa = PBXFileReference; fileEncoding = 4; lastKnownFileType = sourcecode.swift; path = paypal.swift; sourceTree = "<group>"; };
		14FA3B1B1EE3F67200F97AD9 /* NearestDriver.swift */ = {isa = PBXFileReference; fileEncoding = 4; lastKnownFileType = sourcecode.swift; path = NearestDriver.swift; sourceTree = "<group>"; };
		14FA3B1D1EE3F93A00F97AD9 /* nearestDriverController.swift */ = {isa = PBXFileReference; fileEncoding = 4; lastKnownFileType = sourcecode.swift; path = nearestDriverController.swift; sourceTree = "<group>"; };
		14FA3B1F1EE472F500F97AD9 /* plungs.swift */ = {isa = PBXFileReference; fileEncoding = 4; lastKnownFileType = sourcecode.swift; path = plungs.swift; sourceTree = "<group>"; };
		14FA3B211EE54A3B00F97AD9 /* sideBar.swift */ = {isa = PBXFileReference; fileEncoding = 4; lastKnownFileType = sourcecode.swift; path = sideBar.swift; sourceTree = "<group>"; };
		14FA3B231EE553C100F97AD9 /* sideMenuCell.swift */ = {isa = PBXFileReference; fileEncoding = 4; lastKnownFileType = sourcecode.swift; path = sideMenuCell.swift; sourceTree = "<group>"; };
		14FBA1011EF7D9FC0080C499 /* Startup.swift */ = {isa = PBXFileReference; fileEncoding = 4; lastKnownFileType = sourcecode.swift; path = Startup.swift; sourceTree = "<group>"; };
		14FBA1031EF7E7C70080C499 /* SocketDriver.swift */ = {isa = PBXFileReference; fileEncoding = 4; lastKnownFileType = sourcecode.swift; path = SocketDriver.swift; sourceTree = "<group>"; };
		14FC0F9B1EE00E8100994CB9 /* Signin.swift */ = {isa = PBXFileReference; fileEncoding = 4; lastKnownFileType = sourcecode.swift; path = Signin.swift; sourceTree = "<group>"; };
		407547D8C839A544D6D41DBC /* Pods-Cabigate.debug.xcconfig */ = {isa = PBXFileReference; includeInIndex = 1; lastKnownFileType = text.xcconfig; name = "Pods-Cabigate.debug.xcconfig"; path = "Pods/Target Support Files/Pods-Cabigate/Pods-Cabigate.debug.xcconfig"; sourceTree = "<group>"; };
		8FAED8E882F0AA9AA97E854A /* Pods-Cabigate.release.xcconfig */ = {isa = PBXFileReference; includeInIndex = 1; lastKnownFileType = text.xcconfig; name = "Pods-Cabigate.release.xcconfig"; path = "Pods/Target Support Files/Pods-Cabigate/Pods-Cabigate.release.xcconfig"; sourceTree = "<group>"; };
		BE507C1CDF5A5278CC4501C1 /* Pods_Cabigate.framework */ = {isa = PBXFileReference; explicitFileType = wrapper.framework; includeInIndex = 0; path = Pods_Cabigate.framework; sourceTree = BUILT_PRODUCTS_DIR; };
/* End PBXFileReference section */

/* Begin PBXFrameworksBuildPhase section */
		14EC12A11ED978DA00C84263 /* Frameworks */ = {
			isa = PBXFrameworksBuildPhase;
			buildActionMask = 2147483647;
			files = (
				1466D0D51EEEB70100640006 /* UIKit.framework in Frameworks */,
				1466D0D31EEEB6FC00640006 /* Security.framework in Frameworks */,
				1466D0D11EEEB6F700640006 /* QuartzCore.framework in Frameworks */,
				1466D0CF1EEEB6F000640006 /* OpenGLES.framework in Frameworks */,
				1466D0CD1EEEB6E700640006 /* Foundation.framework in Frameworks */,
				1466D0CB1EEEB6E000640006 /* CoreVideo.framework in Frameworks */,
				1466D0C91EEEB6D700640006 /* CoreMedia.framework in Frameworks */,
				1466D0C71EEEB6CF00640006 /* CoreGraphics.framework in Frameworks */,
				1466D0C51EEEB6C700640006 /* AVFoundation.framework in Frameworks */,
				1466D0C31EEEB6C100640006 /* AudioToolbox.framework in Frameworks */,
				1466D0C11EEEB6B500640006 /* Accelerate.framework in Frameworks */,
				E154CB50F043BB320D5C6292 /* Pods_Cabigate.framework in Frameworks */,
			);
			runOnlyForDeploymentPostprocessing = 0;
		};
/* End PBXFrameworksBuildPhase section */

/* Begin PBXGroup section */
		1416D3841EF12DD400C364E6 /* VisaCardvIEW */ = {
			isa = PBXGroup;
			children = (
				1416D3821EF12DCE00C364E6 /* VisaCellView.swift */,
				14F5289C1EEFD39B00ACD42E /* manageCard.swift */,
				14F9FB3A1EEE7E4500D6B38D /* paypal.swift */,
			);
			name = VisaCardvIEW;
			sourceTree = "<group>";
		};
		1416D3851EF137C500C364E6 /* VisaCardController */ = {
			isa = PBXGroup;
			children = (
				1416D3801EF125D700C364E6 /* visaCardController.swift */,
				1416D3861EF137E300C364E6 /* deleteVisaCard.swift */,
				1416D3881EF13F0800C364E6 /* makeDefaultCard.swift */,
			);
			name = VisaCardController;
			sourceTree = "<group>";
		};
		1416D38A1EF1CF9000C364E6 /* SignInSiginUp */ = {
			isa = PBXGroup;
			children = (
				14FC0F9B1EE00E8100994CB9 /* Signin.swift */,
				14EE4BE81EE3D5DB00F50130 /* signUp.swift */,
				14F8CCE51EEAF1D30088FB4B /* VerifyePhoneNumber.swift */,
			);
			name = SignInSiginUp;
			sourceTree = "<group>";
		};
		1416D38D1EF3C88900C364E6 /* Booking */ = {
			isa = PBXGroup;
			children = (
				1416D38B1EF3C88300C364E6 /* bookingPage.swift */,
			);
			name = Booking;
			sourceTree = "<group>";
		};
		1416D38E1EF3CA5A00C364E6 /* mainView */ = {
			isa = PBXGroup;
			children = (
				14EC12A91ED978DA00C84263 /* ViewController.swift */,
				1416D3911EF3E98000C364E6 /* infoPinView.swift */,
				14FA3B231EE553C100F97AD9 /* sideMenuCell.swift */,
			);
			name = mainView;
			sourceTree = "<group>";
		};
		1416D3981EF54E9400C364E6 /* Booking */ = {
			isa = PBXGroup;
			children = (
				1416D3991EF54EA700C364E6 /* FareEstimate.swift */,
				1416D39B1EF54EBE00C364E6 /* BookingController.swift */,
			);
			name = Booking;
			sourceTree = "<group>";
		};
		149FA34B1EE28B4C007EE100 /* Controller */ = {
			isa = PBXGroup;
			children = (
				1416D3981EF54E9400C364E6 /* Booking */,
				1416D3851EF137C500C364E6 /* VisaCardController */,
				149FA34C1EE28B87007EE100 /* signInController.swift */,
				1416D3931EF5399600C364E6 /* DownloadImg.swift */,
				14F5289A1EEFB79700ACD42E /* cardController.swift */,
				14EE4BEA1EE3D66F00F50130 /* signUpController.swift */,
				14F8CCE71EEAF23B0088FB4B /* VerificationController.swift */,
				14F894951EEA7332008A6EDC /* historyLocation.swift */,
				149F6DBA1EE7F99F0065592F /* fetchUserDetail.swift */,
				14FA3B1D1EE3F93A00F97AD9 /* nearestDriverController.swift */,
				14EC12A71ED978DA00C84263 /* AppDelegate.swift */,
				14EC12AE1ED978DA00C84263 /* Assets.xcassets */,
				14EC12B31ED978DA00C84263 /* Info.plist */,
				14EE4BE51EE3CF7600F50130 /* plungs */,
			);
			name = Controller;
			path = Cabigate;
			sourceTree = "<group>";
		};
		14EC129B1ED978DA00C84263 = {
			isa = PBXGroup;
			children = (
				14EC12A61ED978DA00C84263 /* Cabigate */,
				149FA34B1EE28B4C007EE100 /* Controller */,
				6D7A6B70404097A29AE5AF06 /* Pods */,
				E760BC7AEC6A10196383EE32 /* Frameworks */,
			);
			sourceTree = "<group>";
		};
		14EC12A51ED978DA00C84263 /* Products */ = {
			isa = PBXGroup;
			children = (
				14EC12A41ED978DA00C84263 /* Cabigate.app */,
			);
			name = Products;
			sourceTree = "<group>";
		};
		14EC12A61ED978DA00C84263 /* Cabigate */ = {
			isa = PBXGroup;
			children = (
				14F6D8FF1EEF1B61004C447A /* Cabigate.entitlements */,
				14EE4BE01EE3C8E900F50130 /* Modal */,
				14FC0F9A1EE00E6600994CB9 /* View */,
			);
			path = Cabigate;
			sourceTree = "<group>";
		};
		14EE4BE01EE3C8E900F50130 /* Modal */ = {
			isa = PBXGroup;
			children = (
				14FBA1051EF7E7CB0080C499 /* Socket */,
				14EE4BE11EE3C8FA00F50130 /* userData.swift */,
				14EE4BE31EE3C99900F50130 /* defaultsettings.swift */,
				14FA3B1B1EE3F67200F97AD9 /* NearestDriver.swift */,
				14FA3B1F1EE472F500F97AD9 /* plungs.swift */,
				14F69A121EE6AFBC009DDCCA /* CountryCode.swift */,
				149F6DB81EE7F8EC0065592F /* userDetail.swift */,
				14F894971EEA7733008A6EDC /* historyclass.swift */,
				1416D37E1EF1219F00C364E6 /* cardHistory.swift */,
				1416D3951EF54C4300C364E6 /* booking.swift */,
			);
			name = Modal;
			sourceTree = "<group>";
		};
		14EE4BE51EE3CF7600F50130 /* plungs */ = {
			isa = PBXGroup;
			children = (
				14EE4BE61EE3CF8600F50130 /* Alert.swift */,
			);
			name = plungs;
			sourceTree = "<group>";
		};
		14F5D5D21EEC0B91005EDB70 /* FareEstimation */ = {
			isa = PBXGroup;
			children = (
				14F5D5D31EEC0BBC005EDB70 /* driverRating.swift */,
				14F5D5D51EEC14E3005EDB70 /* estimateFair.swift */,
			);
			name = FareEstimation;
			sourceTree = "<group>";
		};
		14FBA1051EF7E7CB0080C499 /* Socket */ = {
			isa = PBXGroup;
			children = (
				14FBA1031EF7E7C70080C499 /* SocketDriver.swift */,
			);
			name = Socket;
			sourceTree = "<group>";
		};
		14FC0F9A1EE00E6600994CB9 /* View */ = {
			isa = PBXGroup;
			children = (
				1416D38E1EF3CA5A00C364E6 /* mainView */,
				1416D38D1EF3C88900C364E6 /* Booking */,
				1416D38A1EF1CF9000C364E6 /* SignInSiginUp */,
				1416D3841EF12DD400C364E6 /* VisaCardvIEW */,
				14F5D5D21EEC0B91005EDB70 /* FareEstimation */,
				14FA3B211EE54A3B00F97AD9 /* sideBar.swift */,
				149FA34E1EE28C36007EE100 /* sideBarView.swift */,
				149F6DB61EE7E5B30065592F /* Settings.swift */,
				14EC12B01ED978DA00C84263 /* LaunchScreen.storyboard */,
				14EC12AB1ED978DA00C84263 /* Main.storyboard */,
				1416D38F1EF3E7C200C364E6 /* CoustomViewForMap.xib */,
				14265D191EE9EEEA002A2278 /* HistoryView.swift */,
				14265D1B1EE9F128002A2278 /* HistoryCell.swift */,
				1466D0BD1EEEB39000640006 /* Cabigate-Bridging-Header.h */,
				14FBA1011EF7D9FC0080C499 /* Startup.swift */,
			);
			name = View;
			sourceTree = "<group>";
		};
		6D7A6B70404097A29AE5AF06 /* Pods */ = {
			isa = PBXGroup;
			children = (
				14EC12A51ED978DA00C84263 /* Products */,
				407547D8C839A544D6D41DBC /* Pods-Cabigate.debug.xcconfig */,
				8FAED8E882F0AA9AA97E854A /* Pods-Cabigate.release.xcconfig */,
			);
			name = Pods;
			sourceTree = "<group>";
		};
		E760BC7AEC6A10196383EE32 /* Frameworks */ = {
			isa = PBXGroup;
			children = (
				1466D0D41EEEB70100640006 /* UIKit.framework */,
				1466D0D21EEEB6FC00640006 /* Security.framework */,
				1466D0D01EEEB6F700640006 /* QuartzCore.framework */,
				1466D0CE1EEEB6F000640006 /* OpenGLES.framework */,
				1466D0CC1EEEB6E700640006 /* Foundation.framework */,
				1466D0CA1EEEB6E000640006 /* CoreVideo.framework */,
				1466D0C81EEEB6D700640006 /* CoreMedia.framework */,
				1466D0C61EEEB6CF00640006 /* CoreGraphics.framework */,
				1466D0C41EEEB6C700640006 /* AVFoundation.framework */,
				1466D0C21EEEB6C100640006 /* AudioToolbox.framework */,
				1466D0C01EEEB6B500640006 /* Accelerate.framework */,
				BE507C1CDF5A5278CC4501C1 /* Pods_Cabigate.framework */,
			);
			name = Frameworks;
			sourceTree = "<group>";
		};
/* End PBXGroup section */

/* Begin PBXNativeTarget section */
		14EC12A31ED978DA00C84263 /* Cabigate */ = {
			isa = PBXNativeTarget;
			buildConfigurationList = 14EC12B61ED978DA00C84263 /* Build configuration list for PBXNativeTarget "Cabigate" */;
			buildPhases = (
				A43B9DA22D8B9C21E26F6F68 /* [CP] Check Pods Manifest.lock */,
				14EC12A01ED978DA00C84263 /* Sources */,
				14EC12A11ED978DA00C84263 /* Frameworks */,
				14EC12A21ED978DA00C84263 /* Resources */,
				360C32B7201E339F1C15815A /* [CP] Embed Pods Frameworks */,
				4063D80017A1C986D9BD80E4 /* [CP] Copy Pods Resources */,
			);
			buildRules = (
			);
			dependencies = (
			);
			name = Cabigate;
			productName = Cabigate;
			productReference = 14EC12A41ED978DA00C84263 /* Cabigate.app */;
			productType = "com.apple.product-type.application";
		};
/* End PBXNativeTarget section */

/* Begin PBXProject section */
		14EC129C1ED978DA00C84263 /* Project object */ = {
			isa = PBXProject;
			attributes = {
				LastSwiftUpdateCheck = 0830;
				LastUpgradeCheck = 0830;
				ORGANIZATIONNAME = "abdur rehman";
				TargetAttributes = {
					14EC12A31ED978DA00C84263 = {
						CreatedOnToolsVersion = 8.3.2;
						DevelopmentTeam = WDDBM4XBDR;
						LastSwiftMigration = 0830;
						ProvisioningStyle = Automatic;
						SystemCapabilities = {
							com.apple.Push = {
								enabled = 0;
							};
						};
					};
				};
			};
			buildConfigurationList = 14EC129F1ED978DA00C84263 /* Build configuration list for PBXProject "Cabigate" */;
			compatibilityVersion = "Xcode 3.2";
			developmentRegion = English;
			hasScannedForEncodings = 0;
			knownRegions = (
				en,
				Base,
			);
			mainGroup = 14EC129B1ED978DA00C84263;
			productRefGroup = 14EC12A51ED978DA00C84263 /* Products */;
			projectDirPath = "";
			projectRoot = "";
			targets = (
				14EC12A31ED978DA00C84263 /* Cabigate */,
			);
		};
/* End PBXProject section */

/* Begin PBXResourcesBuildPhase section */
		14EC12A21ED978DA00C84263 /* Resources */ = {
			isa = PBXResourcesBuildPhase;
			buildActionMask = 2147483647;
			files = (
				1416D3901EF3E7C200C364E6 /* CoustomViewForMap.xib in Resources */,
				14EC12B21ED978DA00C84263 /* LaunchScreen.storyboard in Resources */,
				14EC12AF1ED978DA00C84263 /* Assets.xcassets in Resources */,
				14EC12AD1ED978DA00C84263 /* Main.storyboard in Resources */,
			);
			runOnlyForDeploymentPostprocessing = 0;
		};
/* End PBXResourcesBuildPhase section */

/* Begin PBXShellScriptBuildPhase section */
		360C32B7201E339F1C15815A /* [CP] Embed Pods Frameworks */ = {
			isa = PBXShellScriptBuildPhase;
			buildActionMask = 2147483647;
			files = (
			);
			inputPaths = (
			);
			name = "[CP] Embed Pods Frameworks";
			outputPaths = (
			);
			runOnlyForDeploymentPostprocessing = 0;
			shellPath = /bin/sh;
			shellScript = "\"${SRCROOT}/Pods/Target Support Files/Pods-Cabigate/Pods-Cabigate-frameworks.sh\"\n";
			showEnvVarsInLog = 0;
		};
		4063D80017A1C986D9BD80E4 /* [CP] Copy Pods Resources */ = {
			isa = PBXShellScriptBuildPhase;
			buildActionMask = 2147483647;
			files = (
			);
			inputPaths = (
			);
			name = "[CP] Copy Pods Resources";
			outputPaths = (
			);
			runOnlyForDeploymentPostprocessing = 0;
			shellPath = /bin/sh;
			shellScript = "\"${SRCROOT}/Pods/Target Support Files/Pods-Cabigate/Pods-Cabigate-resources.sh\"\n";
			showEnvVarsInLog = 0;
		};
		A43B9DA22D8B9C21E26F6F68 /* [CP] Check Pods Manifest.lock */ = {
			isa = PBXShellScriptBuildPhase;
			buildActionMask = 2147483647;
			files = (
			);
			inputPaths = (
			);
			name = "[CP] Check Pods Manifest.lock";
			outputPaths = (
			);
			runOnlyForDeploymentPostprocessing = 0;
			shellPath = /bin/sh;
			shellScript = "diff \"${PODS_ROOT}/../Podfile.lock\" \"${PODS_ROOT}/Manifest.lock\" > /dev/null\nif [ $? != 0 ] ; then\n    # print error to STDERR\n    echo \"error: The sandbox is not in sync with the Podfile.lock. Run 'pod install' or update your CocoaPods installation.\" >&2\n    exit 1\nfi\n";
			showEnvVarsInLog = 0;
		};
/* End PBXShellScriptBuildPhase section */

/* Begin PBXSourcesBuildPhase section */
		14EC12A01ED978DA00C84263 /* Sources */ = {
			isa = PBXSourcesBuildPhase;
			buildActionMask = 2147483647;
			files = (
				1416D39C1EF54EBE00C364E6 /* BookingController.swift in Sources */,
				14EC12AA1ED978DA00C84263 /* ViewController.swift in Sources */,
				14F5D5D61EEC14E3005EDB70 /* estimateFair.swift in Sources */,
				149FA34D1EE28B87007EE100 /* signInController.swift in Sources */,
				14EE4BE91EE3D5DB00F50130 /* signUp.swift in Sources */,
				1416D3811EF125D700C364E6 /* visaCardController.swift in Sources */,
				149F6DB71EE7E5B30065592F /* Settings.swift in Sources */,
				14EE4BEB1EE3D66F00F50130 /* signUpController.swift in Sources */,
				14F9FB3B1EEE7E4500D6B38D /* paypal.swift in Sources */,
				1416D3961EF54C4300C364E6 /* booking.swift in Sources */,
				14F894961EEA7332008A6EDC /* historyLocation.swift in Sources */,
				1416D3941EF5399600C364E6 /* DownloadImg.swift in Sources */,
				14F5D5D41EEC0BBC005EDB70 /* driverRating.swift in Sources */,
				14F894981EEA7733008A6EDC /* historyclass.swift in Sources */,
				14F8CCE81EEAF23B0088FB4B /* VerificationController.swift in Sources */,
				14EE4BE41EE3C99900F50130 /* defaultsettings.swift in Sources */,
				14F8CCE61EEAF1D30088FB4B /* VerifyePhoneNumber.swift in Sources */,
				14EE4BE21EE3C8FA00F50130 /* userData.swift in Sources */,
				14EC12A81ED978DA00C84263 /* AppDelegate.swift in Sources */,
				14FA3B201EE472F500F97AD9 /* plungs.swift in Sources */,
				149FA34F1EE28C36007EE100 /* sideBarView.swift in Sources */,
				1416D38C1EF3C88300C364E6 /* bookingPage.swift in Sources */,
				14EE4BE71EE3CF8600F50130 /* Alert.swift in Sources */,
				14FBA1041EF7E7C70080C499 /* SocketDriver.swift in Sources */,
				14F5289D1EEFD39B00ACD42E /* manageCard.swift in Sources */,
				1416D39A1EF54EA700C364E6 /* FareEstimate.swift in Sources */,
				1416D3891EF13F0800C364E6 /* makeDefaultCard.swift in Sources */,
				1416D3831EF12DCE00C364E6 /* VisaCellView.swift in Sources */,
				14F5289B1EEFB79700ACD42E /* cardController.swift in Sources */,
				149F6DBB1EE7F99F0065592F /* fetchUserDetail.swift in Sources */,
				149F6DB91EE7F8EC0065592F /* userDetail.swift in Sources */,
				14FA3B221EE54A3B00F97AD9 /* sideBar.swift in Sources */,
				14F69A131EE6AFBC009DDCCA /* CountryCode.swift in Sources */,
				1416D37F1EF1219F00C364E6 /* cardHistory.swift in Sources */,
				14265D1C1EE9F128002A2278 /* HistoryCell.swift in Sources */,
				14FA3B1C1EE3F67200F97AD9 /* NearestDriver.swift in Sources */,
				14FA3B241EE553C100F97AD9 /* sideMenuCell.swift in Sources */,
				14265D1A1EE9EEEA002A2278 /* HistoryView.swift in Sources */,
				14FBA1021EF7D9FC0080C499 /* Startup.swift in Sources */,
				1416D3871EF137E300C364E6 /* deleteVisaCard.swift in Sources */,
				1416D3921EF3E98000C364E6 /* infoPinView.swift in Sources */,
				14FA3B1E1EE3F93A00F97AD9 /* nearestDriverController.swift in Sources */,
				14FC0F9C1EE00E8100994CB9 /* Signin.swift in Sources */,
			);
			runOnlyForDeploymentPostprocessing = 0;
		};
/* End PBXSourcesBuildPhase section */

/* Begin PBXVariantGroup section */
		14EC12AB1ED978DA00C84263 /* Main.storyboard */ = {
			isa = PBXVariantGroup;
			children = (
				14EC12AC1ED978DA00C84263 /* Base */,
			);
			name = Main.storyboard;
			sourceTree = "<group>";
		};
		14EC12B01ED978DA00C84263 /* LaunchScreen.storyboard */ = {
			isa = PBXVariantGroup;
			children = (
				14EC12B11ED978DA00C84263 /* Base */,
			);
			name = LaunchScreen.storyboard;
			sourceTree = "<group>";
		};
/* End PBXVariantGroup section */

/* Begin XCBuildConfiguration section */
		14EC12B41ED978DA00C84263 /* Debug */ = {
			isa = XCBuildConfiguration;
			buildSettings = {
				ALWAYS_SEARCH_USER_PATHS = NO;
				CLANG_ANALYZER_NONNULL = YES;
				CLANG_ANALYZER_NUMBER_OBJECT_CONVERSION = YES_AGGRESSIVE;
				CLANG_CXX_LANGUAGE_STANDARD = "gnu++0x";
				CLANG_CXX_LIBRARY = "libc++";
				CLANG_ENABLE_MODULES = YES;
				CLANG_ENABLE_OBJC_ARC = YES;
				CLANG_WARN_BOOL_CONVERSION = YES;
				CLANG_WARN_CONSTANT_CONVERSION = YES;
				CLANG_WARN_DIRECT_OBJC_ISA_USAGE = YES_ERROR;
				CLANG_WARN_DOCUMENTATION_COMMENTS = YES;
				CLANG_WARN_EMPTY_BODY = YES;
				CLANG_WARN_ENUM_CONVERSION = YES;
				CLANG_WARN_INFINITE_RECURSION = YES;
				CLANG_WARN_INT_CONVERSION = YES;
				CLANG_WARN_OBJC_ROOT_CLASS = YES_ERROR;
				CLANG_WARN_SUSPICIOUS_MOVE = YES;
				CLANG_WARN_UNREACHABLE_CODE = YES;
				CLANG_WARN__DUPLICATE_METHOD_MATCH = YES;
				"CODE_SIGN_IDENTITY[sdk=iphoneos*]" = "iPhone Developer";
				COPY_PHASE_STRIP = NO;
				DEBUG_INFORMATION_FORMAT = dwarf;
				ENABLE_STRICT_OBJC_MSGSEND = YES;
				ENABLE_TESTABILITY = YES;
				GCC_C_LANGUAGE_STANDARD = gnu99;
				GCC_DYNAMIC_NO_PIC = NO;
				GCC_NO_COMMON_BLOCKS = YES;
				GCC_OPTIMIZATION_LEVEL = 0;
				GCC_PREPROCESSOR_DEFINITIONS = (
					"DEBUG=1",
					"$(inherited)",
				);
				GCC_WARN_64_TO_32_BIT_CONVERSION = YES;
				GCC_WARN_ABOUT_RETURN_TYPE = YES_ERROR;
				GCC_WARN_UNDECLARED_SELECTOR = YES;
				GCC_WARN_UNINITIALIZED_AUTOS = YES_AGGRESSIVE;
				GCC_WARN_UNUSED_FUNCTION = YES;
				GCC_WARN_UNUSED_VARIABLE = YES;
				IPHONEOS_DEPLOYMENT_TARGET = 10.3;
				MTL_ENABLE_DEBUG_INFO = YES;
				ONLY_ACTIVE_ARCH = YES;
				SDKROOT = iphoneos;
				SWIFT_ACTIVE_COMPILATION_CONDITIONS = DEBUG;
				SWIFT_OPTIMIZATION_LEVEL = "-Onone";
				TARGETED_DEVICE_FAMILY = "1,2";
			};
			name = Debug;
		};
		14EC12B51ED978DA00C84263 /* Release */ = {
			isa = XCBuildConfiguration;
			buildSettings = {
				ALWAYS_SEARCH_USER_PATHS = NO;
				CLANG_ANALYZER_NONNULL = YES;
				CLANG_ANALYZER_NUMBER_OBJECT_CONVERSION = YES_AGGRESSIVE;
				CLANG_CXX_LANGUAGE_STANDARD = "gnu++0x";
				CLANG_CXX_LIBRARY = "libc++";
				CLANG_ENABLE_MODULES = YES;
				CLANG_ENABLE_OBJC_ARC = YES;
				CLANG_WARN_BOOL_CONVERSION = YES;
				CLANG_WARN_CONSTANT_CONVERSION = YES;
				CLANG_WARN_DIRECT_OBJC_ISA_USAGE = YES_ERROR;
				CLANG_WARN_DOCUMENTATION_COMMENTS = YES;
				CLANG_WARN_EMPTY_BODY = YES;
				CLANG_WARN_ENUM_CONVERSION = YES;
				CLANG_WARN_INFINITE_RECURSION = YES;
				CLANG_WARN_INT_CONVERSION = YES;
				CLANG_WARN_OBJC_ROOT_CLASS = YES_ERROR;
				CLANG_WARN_SUSPICIOUS_MOVE = YES;
				CLANG_WARN_UNREACHABLE_CODE = YES;
				CLANG_WARN__DUPLICATE_METHOD_MATCH = YES;
				"CODE_SIGN_IDENTITY[sdk=iphoneos*]" = "iPhone Developer";
				COPY_PHASE_STRIP = NO;
				DEBUG_INFORMATION_FORMAT = "dwarf-with-dsym";
				ENABLE_NS_ASSERTIONS = NO;
				ENABLE_STRICT_OBJC_MSGSEND = YES;
				GCC_C_LANGUAGE_STANDARD = gnu99;
				GCC_NO_COMMON_BLOCKS = YES;
				GCC_WARN_64_TO_32_BIT_CONVERSION = YES;
				GCC_WARN_ABOUT_RETURN_TYPE = YES_ERROR;
				GCC_WARN_UNDECLARED_SELECTOR = YES;
				GCC_WARN_UNINITIALIZED_AUTOS = YES_AGGRESSIVE;
				GCC_WARN_UNUSED_FUNCTION = YES;
				GCC_WARN_UNUSED_VARIABLE = YES;
				IPHONEOS_DEPLOYMENT_TARGET = 10.3;
				MTL_ENABLE_DEBUG_INFO = NO;
				SDKROOT = iphoneos;
				SWIFT_OPTIMIZATION_LEVEL = "-Owholemodule";
				TARGETED_DEVICE_FAMILY = "1,2";
				VALIDATE_PRODUCT = YES;
			};
			name = Release;
		};
		14EC12B71ED978DA00C84263 /* Debug */ = {
			isa = XCBuildConfiguration;
			baseConfigurationReference = 407547D8C839A544D6D41DBC /* Pods-Cabigate.debug.xcconfig */;
			buildSettings = {
				ASSETCATALOG_COMPILER_APPICON_NAME = AppIcon;
				CLANG_ENABLE_MODULES = YES;
				DEVELOPMENT_TEAM = WDDBM4XBDR;
				INFOPLIST_FILE = Cabigate/Info.plist;
				IPHONEOS_DEPLOYMENT_TARGET = 10.2;
				LD_RUNPATH_SEARCH_PATHS = "$(inherited) @executable_path/Frameworks";
				PRODUCT_BUNDLE_IDENTIFIER = com.IOcODEX.Cabigate;
				PRODUCT_NAME = "$(TARGET_NAME)";
				SWIFT_OBJC_BRIDGING_HEADER = "Cabigate/Cabigate-Bridging-Header.h";
				SWIFT_OPTIMIZATION_LEVEL = "-Onone";
				SWIFT_VERSION = 3.0;
				TARGETED_DEVICE_FAMILY = 1;
			};
			name = Debug;
		};
		14EC12B81ED978DA00C84263 /* Release */ = {
			isa = XCBuildConfiguration;
			baseConfigurationReference = 8FAED8E882F0AA9AA97E854A /* Pods-Cabigate.release.xcconfig */;
			buildSettings = {
				ASSETCATALOG_COMPILER_APPICON_NAME = AppIcon;
				CLANG_ENABLE_MODULES = YES;
				DEVELOPMENT_TEAM = WDDBM4XBDR;
				INFOPLIST_FILE = Cabigate/Info.plist;
				IPHONEOS_DEPLOYMENT_TARGET = 10.2;
				LD_RUNPATH_SEARCH_PATHS = "$(inherited) @executable_path/Frameworks";
				PRODUCT_BUNDLE_IDENTIFIER = com.IOcODEX.Cabigate;
				PRODUCT_NAME = "$(TARGET_NAME)";
				SWIFT_OBJC_BRIDGING_HEADER = "Cabigate/Cabigate-Bridging-Header.h";
				SWIFT_VERSION = 3.0;
				TARGETED_DEVICE_FAMILY = 1;
			};
			name = Release;
		};
/* End XCBuildConfiguration section */

/* Begin XCConfigurationList section */
		14EC129F1ED978DA00C84263 /* Build configuration list for PBXProject "Cabigate" */ = {
			isa = XCConfigurationList;
			buildConfigurations = (
				14EC12B41ED978DA00C84263 /* Debug */,
				14EC12B51ED978DA00C84263 /* Release */,
			);
			defaultConfigurationIsVisible = 0;
			defaultConfigurationName = Release;
		};
		14EC12B61ED978DA00C84263 /* Build configuration list for PBXNativeTarget "Cabigate" */ = {
			isa = XCConfigurationList;
			buildConfigurations = (
				14EC12B71ED978DA00C84263 /* Debug */,
				14EC12B81ED978DA00C84263 /* Release */,
			);
			defaultConfigurationIsVisible = 0;
			defaultConfigurationName = Release;
		};
/* End XCConfigurationList section */
	};
	rootObject = 14EC129C1ED978DA00C84263 /* Project object */;
}
